
Microsoft Visual Studio Solution File, Format Version 12.00
# Visual Studio Version 17
VisualStudioVersion = 17.14.36717.8
MinimumVisualStudioVersion = 10.0.40219.1
Project("{8BC9CEB8-8B4A-11D0-8D11-00A0C91BC942}") = "Benchmarks", "Benchmarks.vcxproj", "{1B96F765-B191-4B0C-B8A0-2325AA3DCFCE}"
EndProject
Project("{8BC9CEB8-8B4A-11D0-8D11-00A0C91BC942}") = "LRUCache", "..\LRUCache\LRUCache.vcxproj", "{C7F65D79-4B93-43E7-8241-AC5B7F15766F}"
EndProject
Global
	GlobalSection(SolutionConfigurationPlatforms) = preSolution
		Debug|x64 = Debug|x64
		Debug|x86 = Debug|x86
		Release|x64 = Release|x64
		Release|x86 = Release|x86
	EndGlobalSection
	GlobalSection(ProjectConfigurationPlatforms) = postSolution
		{1B96F765-B191-4B0C-B8A0-2325AA3DCFCE}.Debug|x64.ActiveCfg = Debug|x64
		{1B96F765-B191-4B0C-B8A0-2325AA3DCFCE}.Debug|x64.Build.0 = Debug|x64
		{1B96F765-B191-4B0C-B8A0-2325AA3DCFCE}.Debug|x86.ActiveCfg = Debug|Win32
		{1B96F765-B191-4B0C-B8A0-2325AA3DCFCE}.Debug|x86.Build.0 = Debug|Win32
		{1B96F765-B191-4B0C-B8A0-2325AA3DCFCE}.Release|x64.ActiveCfg = Release|x64
		{1B96F765-B191-4B0C-B8A0-2325AA3DCFCE}.Release|x64.Build.0 = Release|x64
		{1B96F765-B191-4B0C-B8A0-2325AA3DCFCE}.Release|x86.ActiveCfg = Release|Win32
		{1B96F765-B191-4B0C-B8A0-2325AA3DCFCE}.Release|x86.Build.0 = Release|Win32
		{C7F65D79-4B93-43E7-8241-AC5B7F15766F}.Debug|x64.ActiveCfg = Debug|x64
		{C7F65D79-4B93-43E7-8241-AC5B7F15766F}.Debug|x64.Build.0 = Debug|x64
		{C7F65D79-4B93-43E7-8241-AC5B7F15766F}.Debug|x86.ActiveCfg = Debug|Win32
		{C7F65D79-4B93-43E7-8241-AC5B7F15766F}.Debug|x86.Build.0 = Debug|Win32
		{C7F65D79-4B93-43E7-8241-AC5B7F15766F}.Release|x64.ActiveCfg = Release|x64
		{C7F65D79-4B93-43E7-8241-AC5B7F15766F}.Release|x64.Build.0 = Release|x64
		{C7F65D79-4B93-43E7-8241-AC5B7F15766F}.Release|x86.ActiveCfg = Release|Win32
		{C7F65D79-4B93-43E7-8241-AC5B7F15766F}.Release|x86.Build.0 = Release|Win32
	EndGlobalSection
	GlobalSection(SolutionProperties) = preSolution
		HideSolutionNode = FALSE
	EndGlobalSection
	GlobalSection(ExtensibilityGlobals) = postSolution
		SolutionGuid = {353B0C35-44BF-4A17-84A5-F4D28E8C50A3}
	EndGlobalSection
EndGlobal
